// !$*UTF8*$!
{
	archiveVersion = 1;
	classes = {
	};
	objectVersion = 55;
	objects = {

/* Begin PBXBuildFile section */
		78F7803E2745901100BE44F6 /* AppDelegate.swift in Sources */ = {isa = PBXBuildFile; fileRef = 78F7803D2745901100BE44F6 /* AppDelegate.swift */; };
		78F780402745901100BE44F6 /* SceneDelegate.swift in Sources */ = {isa = PBXBuildFile; fileRef = 78F7803F2745901100BE44F6 /* SceneDelegate.swift */; };
		78F780422745901100BE44F6 /* FirstViewController.swift in Sources */ = {isa = PBXBuildFile; fileRef = 78F780412745901100BE44F6 /* FirstViewController.swift */; };
		78F780472745901200BE44F6 /* Assets.xcassets in Resources */ = {isa = PBXBuildFile; fileRef = 78F780462745901200BE44F6 /* Assets.xcassets */; };
		78F7804A2745901200BE44F6 /* LaunchScreen.storyboard in Resources */ = {isa = PBXBuildFile; fileRef = 78F780482745901200BE44F6 /* LaunchScreen.storyboard */; };
		78F780532745909B00BE44F6 /* FirstView.swift in Sources */ = {isa = PBXBuildFile; fileRef = 78F780522745909B00BE44F6 /* FirstView.swift */; };
		78F78056274592CF00BE44F6 /* UIView+Anchor.swift in Sources */ = {isa = PBXBuildFile; fileRef = 78F78055274592CF00BE44F6 /* UIView+Anchor.swift */; };
		78F780592745CC2E00BE44F6 /* AppState.swift in Sources */ = {isa = PBXBuildFile; fileRef = 78F780582745CC2E00BE44F6 /* AppState.swift */; };
		78F7805C274721FA00BE44F6 /* SecondViewController.swift in Sources */ = {isa = PBXBuildFile; fileRef = 78F7805B274721FA00BE44F6 /* SecondViewController.swift */; };
		78F7805F2747248E00BE44F6 /* Coordinator.swift in Sources */ = {isa = PBXBuildFile; fileRef = 78F7805E2747248E00BE44F6 /* Coordinator.swift */; };
		78F780612747F87A00BE44F6 /* SecondView.swift in Sources */ = {isa = PBXBuildFile; fileRef = 78F780602747F87A00BE44F6 /* SecondView.swift */; };
		78F78064274865E600BE44F6 /* CounterViewModel.swift in Sources */ = {isa = PBXBuildFile; fileRef = 78F78063274865E600BE44F6 /* CounterViewModel.swift */; };
/* End PBXBuildFile section */

/* Begin PBXFileReference section */
		78F7803A2745901100BE44F6 /* uikit-preview-test.app */ = {isa = PBXFileReference; explicitFileType = wrapper.application; includeInIndex = 0; path = "uikit-preview-test.app"; sourceTree = BUILT_PRODUCTS_DIR; };
		78F7803D2745901100BE44F6 /* AppDelegate.swift */ = {isa = PBXFileReference; lastKnownFileType = sourcecode.swift; path = AppDelegate.swift; sourceTree = "<group>"; };
		78F7803F2745901100BE44F6 /* SceneDelegate.swift */ = {isa = PBXFileReference; lastKnownFileType = sourcecode.swift; path = SceneDelegate.swift; sourceTree = "<group>"; };
		78F780412745901100BE44F6 /* FirstViewController.swift */ = {isa = PBXFileReference; lastKnownFileType = sourcecode.swift; path = FirstViewController.swift; sourceTree = "<group>"; };
		78F780462745901200BE44F6 /* Assets.xcassets */ = {isa = PBXFileReference; lastKnownFileType = folder.assetcatalog; path = Assets.xcassets; sourceTree = "<group>"; };
		78F780492745901200BE44F6 /* Base */ = {isa = PBXFileReference; lastKnownFileType = file.storyboard; name = Base; path = Base.lproj/LaunchScreen.storyboard; sourceTree = "<group>"; };
		78F7804B2745901200BE44F6 /* Info.plist */ = {isa = PBXFileReference; lastKnownFileType = text.plist.xml; path = Info.plist; sourceTree = "<group>"; };
		78F780522745909B00BE44F6 /* FirstView.swift */ = {isa = PBXFileReference; lastKnownFileType = sourcecode.swift; path = FirstView.swift; sourceTree = "<group>"; };
		78F78055274592CF00BE44F6 /* UIView+Anchor.swift */ = {isa = PBXFileReference; lastKnownFileType = sourcecode.swift; path = "UIView+Anchor.swift"; sourceTree = "<group>"; };
		78F780582745CC2E00BE44F6 /* AppState.swift */ = {isa = PBXFileReference; lastKnownFileType = sourcecode.swift; path = AppState.swift; sourceTree = "<group>"; };
		78F7805B274721FA00BE44F6 /* SecondViewController.swift */ = {isa = PBXFileReference; lastKnownFileType = sourcecode.swift; path = SecondViewController.swift; sourceTree = "<group>"; };
		78F7805E2747248E00BE44F6 /* Coordinator.swift */ = {isa = PBXFileReference; lastKnownFileType = sourcecode.swift; path = Coordinator.swift; sourceTree = "<group>"; };
		78F780602747F87A00BE44F6 /* SecondView.swift */ = {isa = PBXFileReference; lastKnownFileType = sourcecode.swift; path = SecondView.swift; sourceTree = "<group>"; };
		78F78063274865E600BE44F6 /* CounterViewModel.swift */ = {isa = PBXFileReference; lastKnownFileType = sourcecode.swift; path = CounterViewModel.swift; sourceTree = "<group>"; };
/* End PBXFileReference section */

/* Begin PBXFrameworksBuildPhase section */
		78F780372745901100BE44F6 /* Frameworks */ = {
			isa = PBXFrameworksBuildPhase;
			buildActionMask = 2147483647;
			files = (
			);
			runOnlyForDeploymentPostprocessing = 0;
		};
/* End PBXFrameworksBuildPhase section */

/* Begin PBXGroup section */
		78F780312745901100BE44F6 = {
			isa = PBXGroup;
			children = (
				78F7803C2745901100BE44F6 /* uikit-preview-test */,
				78F7803B2745901100BE44F6 /* Products */,
			);
			sourceTree = "<group>";
		};
		78F7803B2745901100BE44F6 /* Products */ = {
			isa = PBXGroup;
			children = (
				78F7803A2745901100BE44F6 /* uikit-preview-test.app */,
			);
			name = Products;
			sourceTree = "<group>";
		};
		78F7803C2745901100BE44F6 /* uikit-preview-test */ = {
			isa = PBXGroup;
			children = (
				78F7803D2745901100BE44F6 /* AppDelegate.swift */,
				78F7803F2745901100BE44F6 /* SceneDelegate.swift */,
				78F7805D2747245000BE44F6 /* Coordinator */,
				78F780572745CC1F00BE44F6 /* State */,
				78F780512745907E00BE44F6 /* FirstViewController */,
				78F7805A2747215800BE44F6 /* SecondViewController */,
				78F78054274592A900BE44F6 /* Extensions */,
				78F78062274865D100BE44F6 /* Shared */,
				78F780462745901200BE44F6 /* Assets.xcassets */,
				78F780482745901200BE44F6 /* LaunchScreen.storyboard */,
				78F7804B2745901200BE44F6 /* Info.plist */,
			);
			path = "uikit-preview-test";
			sourceTree = "<group>";
		};
		78F780512745907E00BE44F6 /* FirstViewController */ = {
			isa = PBXGroup;
			children = (
				78F780412745901100BE44F6 /* FirstViewController.swift */,
				78F780522745909B00BE44F6 /* FirstView.swift */,
			);
			path = FirstViewController;
			sourceTree = "<group>";
		};
		78F78054274592A900BE44F6 /* Extensions */ = {
			isa = PBXGroup;
			children = (
				78F78055274592CF00BE44F6 /* UIView+Anchor.swift */,
			);
			path = Extensions;
			sourceTree = "<group>";
		};
		78F780572745CC1F00BE44F6 /* State */ = {
			isa = PBXGroup;
			children = (
				78F780582745CC2E00BE44F6 /* AppState.swift */,
			);
			path = State;
			sourceTree = "<group>";
		};
		78F7805A2747215800BE44F6 /* SecondViewController */ = {
			isa = PBXGroup;
			children = (
				78F7805B274721FA00BE44F6 /* SecondViewController.swift */,
				78F780602747F87A00BE44F6 /* SecondView.swift */,
			);
			path = SecondViewController;
			sourceTree = "<group>";
		};
		78F7805D2747245000BE44F6 /* Coordinator */ = {
			isa = PBXGroup;
			children = (
				78F7805E2747248E00BE44F6 /* Coordinator.swift */,
			);
			path = Coordinator;
			sourceTree = "<group>";
		};
		78F78062274865D100BE44F6 /* Shared */ = {
			isa = PBXGroup;
			children = (
				78F78063274865E600BE44F6 /* CounterViewModel.swift */,
			);
			path = Shared;
			sourceTree = "<group>";
		};
/* End PBXGroup section */

/* Begin PBXNativeTarget section */
		78F780392745901100BE44F6 /* uikit-preview-test */ = {
			isa = PBXNativeTarget;
			buildConfigurationList = 78F7804E2745901200BE44F6 /* Build configuration list for PBXNativeTarget "uikit-preview-test" */;
			buildPhases = (
				78F780362745901100BE44F6 /* Sources */,
				78F780372745901100BE44F6 /* Frameworks */,
				78F780382745901100BE44F6 /* Resources */,
			);
			buildRules = (
			);
			dependencies = (
			);
			name = "uikit-preview-test";
			productName = "uikit-preview-test";
			productReference = 78F7803A2745901100BE44F6 /* uikit-preview-test.app */;
			productType = "com.apple.product-type.application";
		};
/* End PBXNativeTarget section */

/* Begin PBXProject section */
		78F780322745901100BE44F6 /* Project object */ = {
			isa = PBXProject;
			attributes = {
				BuildIndependentTargetsInParallel = 1;
				LastSwiftUpdateCheck = 1310;
				LastUpgradeCheck = 1310;
				TargetAttributes = {
					78F780392745901100BE44F6 = {
						CreatedOnToolsVersion = 13.1;
					};
				};
			};
			buildConfigurationList = 78F780352745901100BE44F6 /* Build configuration list for PBXProject "uikit-preview-test" */;
			compatibilityVersion = "Xcode 13.0";
			developmentRegion = en;
			hasScannedForEncodings = 0;
			knownRegions = (
				en,
				Base,
			);
			mainGroup = 78F780312745901100BE44F6;
			productRefGroup = 78F7803B2745901100BE44F6 /* Products */;
			projectDirPath = "";
			projectRoot = "";
			targets = (
				78F780392745901100BE44F6 /* uikit-preview-test */,
			);
		};
/* End PBXProject section */

/* Begin PBXResourcesBuildPhase section */
		78F780382745901100BE44F6 /* Resources */ = {
			isa = PBXResourcesBuildPhase;
			buildActionMask = 2147483647;
			files = (
				78F7804A2745901200BE44F6 /* LaunchScreen.storyboard in Resources */,
				78F780472745901200BE44F6 /* Assets.xcassets in Resources */,
			);
			runOnlyForDeploymentPostprocessing = 0;
		};
/* End PBXResourcesBuildPhase section */

/* Begin PBXSourcesBuildPhase section */
		78F780362745901100BE44F6 /* Sources */ = {
			isa = PBXSourcesBuildPhase;
			buildActionMask = 2147483647;
			files = (
				78F7805F2747248E00BE44F6 /* Coordinator.swift in Sources */,
				78F780532745909B00BE44F6 /* FirstView.swift in Sources */,
				78F780422745901100BE44F6 /* FirstViewController.swift in Sources */,
				78F780612747F87A00BE44F6 /* SecondView.swift in Sources */,
				78F7803E2745901100BE44F6 /* AppDelegate.swift in Sources */,
				78F78064274865E600BE44F6 /* CounterViewModel.swift in Sources */,
				78F780592745CC2E00BE44F6 /* AppState.swift in Sources */,
				78F7805C274721FA00BE44F6 /* SecondViewController.swift in Sources */,
				78F780402745901100BE44F6 /* SceneDelegate.swift in Sources */,
				78F78056274592CF00BE44F6 /* UIView+Anchor.swift in Sources */,
			);
			runOnlyForDeploymentPostprocessing = 0;
		};
/* End PBXSourcesBuildPhase section */

/* Begin PBXVariantGroup section */
		78F780482745901200BE44F6 /* LaunchScreen.storyboard */ = {
			isa = PBXVariantGroup;
			children = (
				78F780492745901200BE44F6 /* Base */,
			);
			name = LaunchScreen.storyboard;
			sourceTree = "<group>";
		};
/* End PBXVariantGroup section */

/* Begin XCBuildConfiguration section */
		78F7804C2745901200BE44F6 /* Debug */ = {
			isa = XCBuildConfiguration;
			buildSettings = {
				ALWAYS_SEARCH_USER_PATHS = NO;
				CLANG_ANALYZER_NONNULL = YES;
				CLANG_ANALYZER_NUMBER_OBJECT_CONVERSION = YES_AGGRESSIVE;
				CLANG_CXX_LANGUAGE_STANDARD = "gnu++17";
				CLANG_CXX_LIBRARY = "libc++";
				CLANG_ENABLE_MODULES = YES;
				CLANG_ENABLE_OBJC_ARC = YES;
				CLANG_ENABLE_OBJC_WEAK = YES;
				CLANG_WARN_BLOCK_CAPTURE_AUTORELEASING = YES;
				CLANG_WARN_BOOL_CONVERSION = YES;
				CLANG_WARN_COMMA = YES;
				CLANG_WARN_CONSTANT_CONVERSION = YES;
				CLANG_WARN_DEPRECATED_OBJC_IMPLEMENTATIONS = YES;
				CLANG_WARN_DIRECT_OBJC_ISA_USAGE = YES_ERROR;
				CLANG_WARN_DOCUMENTATION_COMMENTS = YES;
				CLANG_WARN_EMPTY_BODY = YES;
				CLANG_WARN_ENUM_CONVERSION = YES;
				CLANG_WARN_INFINITE_RECURSION = YES;
				CLANG_WARN_INT_CONVERSION = YES;
				CLANG_WARN_NON_LITERAL_NULL_CONVERSION = YES;
				CLANG_WARN_OBJC_IMPLICIT_RETAIN_SELF = YES;
				CLANG_WARN_OBJC_LITERAL_CONVERSION = YES;
				CLANG_WARN_OBJC_ROOT_CLASS = YES_ERROR;
				CLANG_WARN_QUOTED_INCLUDE_IN_FRAMEWORK_HEADER = YES;
				CLANG_WARN_RANGE_LOOP_ANALYSIS = YES;
				CLANG_WARN_STRICT_PROTOTYPES = YES;
				CLANG_WARN_SUSPICIOUS_MOVE = YES;
				CLANG_WARN_UNGUARDED_AVAILABILITY = YES_AGGRESSIVE;
				CLANG_WARN_UNREACHABLE_CODE = YES;
				CLANG_WARN__DUPLICATE_METHOD_MATCH = YES;
				COPY_PHASE_STRIP = NO;
				DEBUG_INFORMATION_FORMAT = dwarf;
				ENABLE_STRICT_OBJC_MSGSEND = YES;
				ENABLE_TESTABILITY = YES;
				GCC_C_LANGUAGE_STANDARD = gnu11;
				GCC_DYNAMIC_NO_PIC = NO;
				GCC_NO_COMMON_BLOCKS = YES;
				GCC_OPTIMIZATION_LEVEL = 0;
				GCC_PREPROCESSOR_DEFINITIONS = (
					"DEBUG=1",
					"$(inherited)",
				);
				GCC_WARN_64_TO_32_BIT_CONVERSION = YES;
				GCC_WARN_ABOUT_RETURN_TYPE = YES_ERROR;
				GCC_WARN_UNDECLARED_SELECTOR = YES;
				GCC_WARN_UNINITIALIZED_AUTOS = YES_AGGRESSIVE;
				GCC_WARN_UNUSED_FUNCTION = YES;
				GCC_WARN_UNUSED_VARIABLE = YES;
				IPHONEOS_DEPLOYMENT_TARGET = 15.0;
				MTL_ENABLE_DEBUG_INFO = INCLUDE_SOURCE;
				MTL_FAST_MATH = YES;
				ONLY_ACTIVE_ARCH = YES;
				SDKROOT = iphoneos;
				SWIFT_ACTIVE_COMPILATION_CONDITIONS = DEBUG;
				SWIFT_OPTIMIZATION_LEVEL = "-Onone";
			};
			name = Debug;
		};
		78F7804D2745901200BE44F6 /* Release */ = {
			isa = XCBuildConfiguration;
			buildSettings = {
				ALWAYS_SEARCH_USER_PATHS = NO;
				CLANG_ANALYZER_NONNULL = YES;
				CLANG_ANALYZER_NUMBER_OBJECT_CONVERSION = YES_AGGRESSIVE;
				CLANG_CXX_LANGUAGE_STANDARD = "gnu++17";
				CLANG_CXX_LIBRARY = "libc++";
				CLANG_ENABLE_MODULES = YES;
				CLANG_ENABLE_OBJC_ARC = YES;
				CLANG_ENABLE_OBJC_WEAK = YES;
				CLANG_WARN_BLOCK_CAPTURE_AUTORELEASING = YES;
				CLANG_WARN_BOOL_CONVERSION = YES;
				CLANG_WARN_COMMA = YES;
				CLANG_WARN_CONSTANT_CONVERSION = YES;
				CLANG_WARN_DEPRECATED_OBJC_IMPLEMENTATIONS = YES;
				CLANG_WARN_DIRECT_OBJC_ISA_USAGE = YES_ERROR;
				CLANG_WARN_DOCUMENTATION_COMMENTS = YES;
				CLANG_WARN_EMPTY_BODY = YES;
				CLANG_WARN_ENUM_CONVERSION = YES;
				CLANG_WARN_INFINITE_RECURSION = YES;
				CLANG_WARN_INT_CONVERSION = YES;
				CLANG_WARN_NON_LITERAL_NULL_CONVERSION = YES;
				CLANG_WARN_OBJC_IMPLICIT_RETAIN_SELF = YES;
				CLANG_WARN_OBJC_LITERAL_CONVERSION = YES;
				CLANG_WARN_OBJC_ROOT_CLASS = YES_ERROR;
				CLANG_WARN_QUOTED_INCLUDE_IN_FRAMEWORK_HEADER = YES;
				CLANG_WARN_RANGE_LOOP_ANALYSIS = YES;
				CLANG_WARN_STRICT_PROTOTYPES = YES;
				CLANG_WARN_SUSPICIOUS_MOVE = YES;
				CLANG_WARN_UNGUARDED_AVAILABILITY = YES_AGGRESSIVE;
				CLANG_WARN_UNREACHABLE_CODE = YES;
				CLANG_WARN__DUPLICATE_METHOD_MATCH = YES;
				COPY_PHASE_STRIP = NO;
				DEBUG_INFORMATION_FORMAT = "dwarf-with-dsym";
				ENABLE_NS_ASSERTIONS = NO;
				ENABLE_STRICT_OBJC_MSGSEND = YES;
				GCC_C_LANGUAGE_STANDARD = gnu11;
				GCC_NO_COMMON_BLOCKS = YES;
				GCC_WARN_64_TO_32_BIT_CONVERSION = YES;
				GCC_WARN_ABOUT_RETURN_TYPE = YES_ERROR;
				GCC_WARN_UNDECLARED_SELECTOR = YES;
				GCC_WARN_UNINITIALIZED_AUTOS = YES_AGGRESSIVE;
				GCC_WARN_UNUSED_FUNCTION = YES;
				GCC_WARN_UNUSED_VARIABLE = YES;
				IPHONEOS_DEPLOYMENT_TARGET = 15.0;
				MTL_ENABLE_DEBUG_INFO = NO;
				MTL_FAST_MATH = YES;
				SDKROOT = iphoneos;
				SWIFT_COMPILATION_MODE = wholemodule;
				SWIFT_OPTIMIZATION_LEVEL = "-O";
				VALIDATE_PRODUCT = YES;
			};
			name = Release;
		};
		78F7804F2745901200BE44F6 /* Debug */ = {
			isa = XCBuildConfiguration;
			buildSettings = {
				ASSETCATALOG_COMPILER_APPICON_NAME = AppIcon;
				ASSETCATALOG_COMPILER_GLOBAL_ACCENT_COLOR_NAME = AccentColor;
				CODE_SIGN_STYLE = Automatic;
				CURRENT_PROJECT_VERSION = 1;
				DEVELOPMENT_TEAM = 5V25MA2WXN;
				GENERATE_INFOPLIST_FILE = YES;
				INFOPLIST_FILE = "uikit-preview-test/Info.plist";
				INFOPLIST_KEY_UIApplicationSupportsIndirectInputEvents = YES;
				INFOPLIST_KEY_UILaunchStoryboardName = LaunchScreen;
				INFOPLIST_KEY_UISupportedInterfaceOrientations_iPad = "UIInterfaceOrientationPortrait UIInterfaceOrientationPortraitUpsideDown UIInterfaceOrientationLandscapeLeft UIInterfaceOrientationLandscapeRight";
				INFOPLIST_KEY_UISupportedInterfaceOrientations_iPhone = "UIInterfaceOrientationPortrait UIInterfaceOrientationLandscapeLeft UIInterfaceOrientationLandscapeRight";
				LD_RUNPATH_SEARCH_PATHS = (
					"$(inherited)",
					"@executable_path/Frameworks",
				);
				MARKETING_VERSION = 1.0;
				PRODUCT_BUNDLE_IDENTIFIER = "benlee.uikit-preview-test";
				PRODUCT_NAME = "$(TARGET_NAME)";
				SWIFT_EMIT_LOC_STRINGS = YES;
				SWIFT_VERSION = 5.0;
				TARGETED_DEVICE_FAMILY = "1,2";
			};
			name = Debug;
		};
		78F780502745901200BE44F6 /* Release */ = {
			isa = XCBuildConfiguration;
			buildSettings = {
				ASSETCATALOG_COMPILER_APPICON_NAME = AppIcon;
				ASSETCATALOG_COMPILER_GLOBAL_ACCENT_COLOR_NAME = AccentColor;
				CODE_SIGN_STYLE = Automatic;
				CURRENT_PROJECT_VERSION = 1;
				DEVELOPMENT_TEAM = 5V25MA2WXN;
				GENERATE_INFOPLIST_FILE = YES;
				INFOPLIST_FILE = "uikit-preview-test/Info.plist";
				INFOPLIST_KEY_UIApplicationSupportsIndirectInputEvents = YES;
				INFOPLIST_KEY_UILaunchStoryboardName = LaunchScreen;
				INFOPLIST_KEY_UISupportedInterfaceOrientations_iPad = "UIInterfaceOrientationPortrait UIInterfaceOrientationPortraitUpsideDown UIInterfaceOrientationLandscapeLeft UIInterfaceOrientationLandscapeRight";
				INFOPLIST_KEY_UISupportedInterfaceOrientations_iPhone = "UIInterfaceOrientationPortrait UIInterfaceOrientationLandscapeLeft UIInterfaceOrientationLandscapeRight";
				LD_RUNPATH_SEARCH_PATHS = (
					"$(inherited)",
					"@executable_path/Frameworks",
				);
				MARKETING_VERSION = 1.0;
				PRODUCT_BUNDLE_IDENTIFIER = "benlee.uikit-preview-test";
				PRODUCT_NAME = "$(TARGET_NAME)";
				SWIFT_EMIT_LOC_STRINGS = YES;
				SWIFT_VERSION = 5.0;
				TARGETED_DEVICE_FAMILY = "1,2";
			};
			name = Release;
		};
/* End XCBuildConfiguration section */

/* Begin XCConfigurationList section */
		78F780352745901100BE44F6 /* Build configuration list for PBXProject "uikit-preview-test" */ = {
			isa = XCConfigurationList;
			buildConfigurations = (
				78F7804C2745901200BE44F6 /* Debug */,
				78F7804D2745901200BE44F6 /* Release */,
			);
			defaultConfigurationIsVisible = 0;
			defaultConfigurationName = Release;
		};
		78F7804E2745901200BE44F6 /* Build configuration list for PBXNativeTarget "uikit-preview-test" */ = {
			isa = XCConfigurationList;
			buildConfigurations = (
				78F7804F2745901200BE44F6 /* Debug */,
				78F780502745901200BE44F6 /* Release */,
			);
			defaultConfigurationIsVisible = 0;
			defaultConfigurationName = Release;
		};
/* End XCConfigurationList section */
	};
	rootObject = 78F780322745901100BE44F6 /* Project object */;
}
